{
  "nodes": {
    "nix-darwin": {
      "inputs": {
        "nixpkgs": [
          "nixpkgs"
        ]
      },
      "locked": {
        "lastModified": 1737421067,
        "narHash": "sha256-/hgw8fDKDpko0XqOw1e9tX8lS2Hqecg7W/JsONun6Qc=",
        "owner": "LnL7",
        "repo": "nix-darwin",
        "rev": "cae8d1c4a3bd37be5887203fe3b0c3a860c53a07",
        "type": "github"
      },
      "original": {
        "owner": "LnL7",
        "ref": "nix-darwin-24.11",
        "repo": "nix-darwin",
        "type": "github"
      }
    },
    "nixpkgs": {
      "locked": {
        "lastModified": 1738739810,
        "narHash": "sha256-Oyi/LSCng0aU1SJejU6qUeiQWFQ1DXEzU99sGoE9XZ0=",
        "owner": "nixos",
        "repo": "nixpkgs",
        "rev": "0a9533e00b72a74d4c69cf1dbb36d5cac7477ea7",
        "type": "github"
      },
      "original": {
        "owner": "nixos",
        "ref": "nixpkgs-24.11-darwin",
        "repo": "nixpkgs",
        "type": "github"
      }
    },
    "root": {
      "inputs": {
        "nix-darwin": "nix-darwin",
        "nixpkgs": "nixpkgs"
      }
    }
  },
  "root": "root",
  "version": 7
}
